
Microsoft Visual Studio Solution File, Format Version 12.00
Project("{FAE04EC0-301F-11D3-BF4B-00C04F79EFBC}") = "Dealership", "Dealership\Dealership.csproj", "{58B31F45-48FC-4831-9E96-E912B3952608}"
EndProject
Global
	GlobalSection(SolutionConfigurationPlatforms) = preSolution
		Debug|Any CPU = Debug|Any CPU
		Release|Any CPU = Release|Any CPU
	EndGlobalSection
	GlobalSection(ProjectConfigurationPlatforms) = postSolution
		{58B31F45-48FC-4831-9E96-E912B3952608}.Debug|Any CPU.ActiveCfg = Debug|Any CPU
		{58B31F45-48FC-4831-9E96-E912B3952608}.Debug|Any CPU.Build.0 = Debug|Any CPU
		{58B31F45-48FC-4831-9E96-E912B3952608}.Release|Any CPU.ActiveCfg = Release|Any CPU
		{58B31F45-48FC-4831-9E96-E912B3952608}.Release|Any CPU.Build.0 = Release|Any CPU
	EndGlobalSection
EndGlobal
